
Microsoft Visual Studio Solution File, Format Version 12.00
# Visual Studio Version 16
VisualStudioVersion = 16.0.29613.14
MinimumVisualStudioVersion = 10.0.40219.1
Project("{FAE04EC0-301F-11D3-BF4B-00C04F79EFBC}") = "MaterialDesignThemes.Uwp", "MaterialDesignThemes.Uwp\MaterialDesignThemes.Uwp.csproj", "{E4686A3F-CC25-4EEF-9A24-7CD4A22DA233}"
EndProject
Project("{FAE04EC0-301F-11D3-BF4B-00C04F79EFBC}") = "MainDemo.Uwp", "MainDemo.Uwp\MainDemo.Uwp.csproj", "{666A0F51-6B18-4C48-9772-5ED3FDB03A2E}"
EndProject
Project("{D954291E-2A0B-460D-934E-DC6B0785DB48}") = "MainDemo.Uno.Shared", "MainDemo.Uno\MainDemo.Uno.Shared\MainDemo.Uno.Shared.shproj", "{6279C845-92F8-4333-AB99-3D213163593C}"
EndProject
Project("{FAE04EC0-301F-11D3-BF4B-00C04F79EFBC}") = "MainDemo.Uno.Droid", "MainDemo.Uno\MainDemo.Uno.Droid\MainDemo.Uno.Droid.csproj", "{72DC4185-7E4D-44CF-8A6F-432685C9B64B}"
EndProject
Project("{FAE04EC0-301F-11D3-BF4B-00C04F79EFBC}") = "MainDemo.Uno.iOS", "MainDemo.Uno\MainDemo.Uno.iOS\MainDemo.Uno.iOS.csproj", "{9A9234BF-1C54-4BE6-A403-D65258D60527}"
EndProject
Project("{FAE04EC0-301F-11D3-BF4B-00C04F79EFBC}") = "MainDemo.Uno.UWP", "MainDemo.Uno\MainDemo.Uno.UWP\MainDemo.Uno.UWP.csproj", "{B11CC4A9-5350-4A80-9A42-A8AC5131DFA9}"
EndProject
Project("{9A19103F-16F7-4668-BE54-9A1E7A4F7556}") = "MainDemo.Uno.Wasm", "MainDemo.Uno\MainDemo.Uno.Wasm\MainDemo.Uno.Wasm.csproj", "{84988DB4-DD48-4B16-8B86-7283B0B6E5BF}"
EndProject
Project("{2150E333-8FDC-42A3-9474-1A3956D46DE8}") = "MainDemo.Uno", "MainDemo.Uno", "{56DC3FAE-7CC8-41E4-B995-77917E6B83B1}"
EndProject
Global
	GlobalSection(SharedMSBuildProjectFiles) = preSolution
		MainDemo.Uno\MainDemo.Uno.Shared\MainDemo.Uno.Shared.projitems*{6279c845-92f8-4333-ab99-3d213163593c}*SharedItemsImports = 13
		MainDemo.Uno\MainDemo.Uno.Shared\MainDemo.Uno.Shared.projitems*{72dc4185-7e4d-44cf-8a6f-432685c9b64b}*SharedItemsImports = 4
		MainDemo.Uno\MainDemo.Uno.Shared\MainDemo.Uno.Shared.projitems*{9a9234bf-1c54-4be6-a403-d65258d60527}*SharedItemsImports = 4
		MainDemo.Uno\MainDemo.Uno.Shared\MainDemo.Uno.Shared.projitems*{b11cc4a9-5350-4a80-9a42-a8ac5131dfa9}*SharedItemsImports = 4
	EndGlobalSection
	GlobalSection(SolutionConfigurationPlatforms) = preSolution
		Ad-Hoc|Any CPU = Ad-Hoc|Any CPU
		Ad-Hoc|ARM = Ad-Hoc|ARM
		Ad-Hoc|iPhone = Ad-Hoc|iPhone
		Ad-Hoc|iPhoneSimulator = Ad-Hoc|iPhoneSimulator
		Ad-Hoc|x64 = Ad-Hoc|x64
		Ad-Hoc|x86 = Ad-Hoc|x86
		AppStore|Any CPU = AppStore|Any CPU
		AppStore|ARM = AppStore|ARM
		AppStore|iPhone = AppStore|iPhone
		AppStore|iPhoneSimulator = AppStore|iPhoneSimulator
		AppStore|x64 = AppStore|x64
		AppStore|x86 = AppStore|x86
		Debug|Any CPU = Debug|Any CPU
		Debug|ARM = Debug|ARM
		Debug|iPhone = Debug|iPhone
		Debug|iPhoneSimulator = Debug|iPhoneSimulator
		Debug|x64 = Debug|x64
		Debug|x86 = Debug|x86
		Release|Any CPU = Release|Any CPU
		Release|ARM = Release|ARM
		Release|iPhone = Release|iPhone
		Release|iPhoneSimulator = Release|iPhoneSimulator
		Release|x64 = Release|x64
		Release|x86 = Release|x86
	EndGlobalSection
	GlobalSection(ProjectConfigurationPlatforms) = postSolution
		{E4686A3F-CC25-4EEF-9A24-7CD4A22DA233}.Ad-Hoc|Any CPU.ActiveCfg = Release|Any CPU
		{E4686A3F-CC25-4EEF-9A24-7CD4A22DA233}.Ad-Hoc|Any CPU.Build.0 = Release|Any CPU
		{E4686A3F-CC25-4EEF-9A24-7CD4A22DA233}.Ad-Hoc|ARM.ActiveCfg = Release|ARM
		{E4686A3F-CC25-4EEF-9A24-7CD4A22DA233}.Ad-Hoc|ARM.Build.0 = Release|ARM
		{E4686A3F-CC25-4EEF-9A24-7CD4A22DA233}.Ad-Hoc|iPhone.ActiveCfg = Release|Any CPU
		{E4686A3F-CC25-4EEF-9A24-7CD4A22DA233}.Ad-Hoc|iPhone.Build.0 = Release|Any CPU
		{E4686A3F-CC25-4EEF-9A24-7CD4A22DA233}.Ad-Hoc|iPhoneSimulator.ActiveCfg = Release|Any CPU
		{E4686A3F-CC25-4EEF-9A24-7CD4A22DA233}.Ad-Hoc|iPhoneSimulator.Build.0 = Release|Any CPU
		{E4686A3F-CC25-4EEF-9A24-7CD4A22DA233}.Ad-Hoc|x64.ActiveCfg = Release|x64
		{E4686A3F-CC25-4EEF-9A24-7CD4A22DA233}.Ad-Hoc|x64.Build.0 = Release|x64
		{E4686A3F-CC25-4EEF-9A24-7CD4A22DA233}.Ad-Hoc|x86.ActiveCfg = Release|x86
		{E4686A3F-CC25-4EEF-9A24-7CD4A22DA233}.Ad-Hoc|x86.Build.0 = Release|x86
		{E4686A3F-CC25-4EEF-9A24-7CD4A22DA233}.AppStore|Any CPU.ActiveCfg = Release|Any CPU
		{E4686A3F-CC25-4EEF-9A24-7CD4A22DA233}.AppStore|Any CPU.Build.0 = Release|Any CPU
		{E4686A3F-CC25-4EEF-9A24-7CD4A22DA233}.AppStore|ARM.ActiveCfg = Release|ARM
		{E4686A3F-CC25-4EEF-9A24-7CD4A22DA233}.AppStore|ARM.Build.0 = Release|ARM
		{E4686A3F-CC25-4EEF-9A24-7CD4A22DA233}.AppStore|iPhone.ActiveCfg = Release|Any CPU
		{E4686A3F-CC25-4EEF-9A24-7CD4A22DA233}.AppStore|iPhone.Build.0 = Release|Any CPU
		{E4686A3F-CC25-4EEF-9A24-7CD4A22DA233}.AppStore|iPhoneSimulator.ActiveCfg = Release|Any CPU
		{E4686A3F-CC25-4EEF-9A24-7CD4A22DA233}.AppStore|iPhoneSimulator.Build.0 = Release|Any CPU
		{E4686A3F-CC25-4EEF-9A24-7CD4A22DA233}.AppStore|x64.ActiveCfg = Release|x64
		{E4686A3F-CC25-4EEF-9A24-7CD4A22DA233}.AppStore|x64.Build.0 = Release|x64
		{E4686A3F-CC25-4EEF-9A24-7CD4A22DA233}.AppStore|x86.ActiveCfg = Release|x86
		{E4686A3F-CC25-4EEF-9A24-7CD4A22DA233}.AppStore|x86.Build.0 = Release|x86
		{E4686A3F-CC25-4EEF-9A24-7CD4A22DA233}.Debug|Any CPU.ActiveCfg = Debug|Any CPU
		{E4686A3F-CC25-4EEF-9A24-7CD4A22DA233}.Debug|Any CPU.Build.0 = Debug|Any CPU
		{E4686A3F-CC25-4EEF-9A24-7CD4A22DA233}.Debug|ARM.ActiveCfg = Debug|ARM
		{E4686A3F-CC25-4EEF-9A24-7CD4A22DA233}.Debug|ARM.Build.0 = Debug|ARM
		{E4686A3F-CC25-4EEF-9A24-7CD4A22DA233}.Debug|iPhone.ActiveCfg = Debug|Any CPU
		{E4686A3F-CC25-4EEF-9A24-7CD4A22DA233}.Debug|iPhone.Build.0 = Debug|Any CPU
		{E4686A3F-CC25-4EEF-9A24-7CD4A22DA233}.Debug|iPhoneSimulator.ActiveCfg = Debug|Any CPU
		{E4686A3F-CC25-4EEF-9A24-7CD4A22DA233}.Debug|iPhoneSimulator.Build.0 = Debug|Any CPU
		{E4686A3F-CC25-4EEF-9A24-7CD4A22DA233}.Debug|x64.ActiveCfg = Debug|x64
		{E4686A3F-CC25-4EEF-9A24-7CD4A22DA233}.Debug|x64.Build.0 = Debug|x64
		{E4686A3F-CC25-4EEF-9A24-7CD4A22DA233}.Debug|x86.ActiveCfg = Debug|x86
		{E4686A3F-CC25-4EEF-9A24-7CD4A22DA233}.Debug|x86.Build.0 = Debug|x86
		{E4686A3F-CC25-4EEF-9A24-7CD4A22DA233}.Release|Any CPU.ActiveCfg = Release|Any CPU
		{E4686A3F-CC25-4EEF-9A24-7CD4A22DA233}.Release|Any CPU.Build.0 = Release|Any CPU
		{E4686A3F-CC25-4EEF-9A24-7CD4A22DA233}.Release|ARM.ActiveCfg = Release|ARM
		{E4686A3F-CC25-4EEF-9A24-7CD4A22DA233}.Release|ARM.Build.0 = Release|ARM
		{E4686A3F-CC25-4EEF-9A24-7CD4A22DA233}.Release|iPhone.ActiveCfg = Release|Any CPU
		{E4686A3F-CC25-4EEF-9A24-7CD4A22DA233}.Release|iPhone.Build.0 = Release|Any CPU
		{E4686A3F-CC25-4EEF-9A24-7CD4A22DA233}.Release|iPhoneSimulator.ActiveCfg = Release|Any CPU
		{E4686A3F-CC25-4EEF-9A24-7CD4A22DA233}.Release|iPhoneSimulator.Build.0 = Release|Any CPU
		{E4686A3F-CC25-4EEF-9A24-7CD4A22DA233}.Release|x64.ActiveCfg = Release|x64
		{E4686A3F-CC25-4EEF-9A24-7CD4A22DA233}.Release|x64.Build.0 = Release|x64
		{E4686A3F-CC25-4EEF-9A24-7CD4A22DA233}.Release|x86.ActiveCfg = Release|x86
		{E4686A3F-CC25-4EEF-9A24-7CD4A22DA233}.Release|x86.Build.0 = Release|x86
		{666A0F51-6B18-4C48-9772-5ED3FDB03A2E}.Ad-Hoc|Any CPU.ActiveCfg = Release|x64
		{666A0F51-6B18-4C48-9772-5ED3FDB03A2E}.Ad-Hoc|Any CPU.Build.0 = Release|x64
		{666A0F51-6B18-4C48-9772-5ED3FDB03A2E}.Ad-Hoc|Any CPU.Deploy.0 = Release|x64
		{666A0F51-6B18-4C48-9772-5ED3FDB03A2E}.Ad-Hoc|ARM.ActiveCfg = Release|ARM
		{666A0F51-6B18-4C48-9772-5ED3FDB03A2E}.Ad-Hoc|ARM.Build.0 = Release|ARM
		{666A0F51-6B18-4C48-9772-5ED3FDB03A2E}.Ad-Hoc|ARM.Deploy.0 = Release|ARM
		{666A0F51-6B18-4C48-9772-5ED3FDB03A2E}.Ad-Hoc|iPhone.ActiveCfg = Release|x64
		{666A0F51-6B18-4C48-9772-5ED3FDB03A2E}.Ad-Hoc|iPhone.Build.0 = Release|x64
		{666A0F51-6B18-4C48-9772-5ED3FDB03A2E}.Ad-Hoc|iPhone.Deploy.0 = Release|x64
		{666A0F51-6B18-4C48-9772-5ED3FDB03A2E}.Ad-Hoc|iPhoneSimulator.ActiveCfg = Release|x64
		{666A0F51-6B18-4C48-9772-5ED3FDB03A2E}.Ad-Hoc|iPhoneSimulator.Build.0 = Release|x64
		{666A0F51-6B18-4C48-9772-5ED3FDB03A2E}.Ad-Hoc|iPhoneSimulator.Deploy.0 = Release|x64
		{666A0F51-6B18-4C48-9772-5ED3FDB03A2E}.Ad-Hoc|x64.ActiveCfg = Release|x64
		{666A0F51-6B18-4C48-9772-5ED3FDB03A2E}.Ad-Hoc|x64.Build.0 = Release|x64
		{666A0F51-6B18-4C48-9772-5ED3FDB03A2E}.Ad-Hoc|x64.Deploy.0 = Release|x64
		{666A0F51-6B18-4C48-9772-5ED3FDB03A2E}.Ad-Hoc|x86.ActiveCfg = Release|x86
		{666A0F51-6B18-4C48-9772-5ED3FDB03A2E}.Ad-Hoc|x86.Build.0 = Release|x86
		{666A0F51-6B18-4C48-9772-5ED3FDB03A2E}.Ad-Hoc|x86.Deploy.0 = Release|x86
		{666A0F51-6B18-4C48-9772-5ED3FDB03A2E}.AppStore|Any CPU.ActiveCfg = Release|x64
		{666A0F51-6B18-4C48-9772-5ED3FDB03A2E}.AppStore|Any CPU.Build.0 = Release|x64
		{666A0F51-6B18-4C48-9772-5ED3FDB03A2E}.AppStore|Any CPU.Deploy.0 = Release|x64
		{666A0F51-6B18-4C48-9772-5ED3FDB03A2E}.AppStore|ARM.ActiveCfg = Release|ARM
		{666A0F51-6B18-4C48-9772-5ED3FDB03A2E}.AppStore|ARM.Build.0 = Release|ARM
		{666A0F51-6B18-4C48-9772-5ED3FDB03A2E}.AppStore|ARM.Deploy.0 = Release|ARM
		{666A0F51-6B18-4C48-9772-5ED3FDB03A2E}.AppStore|iPhone.ActiveCfg = Release|x64
		{666A0F51-6B18-4C48-9772-5ED3FDB03A2E}.AppStore|iPhone.Build.0 = Release|x64
		{666A0F51-6B18-4C48-9772-5ED3FDB03A2E}.AppStore|iPhone.Deploy.0 = Release|x64
		{666A0F51-6B18-4C48-9772-5ED3FDB03A2E}.AppStore|iPhoneSimulator.ActiveCfg = Release|x64
		{666A0F51-6B18-4C48-9772-5ED3FDB03A2E}.AppStore|iPhoneSimulator.Build.0 = Release|x64
		{666A0F51-6B18-4C48-9772-5ED3FDB03A2E}.AppStore|iPhoneSimulator.Deploy.0 = Release|x64
		{666A0F51-6B18-4C48-9772-5ED3FDB03A2E}.AppStore|x64.ActiveCfg = Release|x64
		{666A0F51-6B18-4C48-9772-5ED3FDB03A2E}.AppStore|x64.Build.0 = Release|x64
		{666A0F51-6B18-4C48-9772-5ED3FDB03A2E}.AppStore|x64.Deploy.0 = Release|x64
		{666A0F51-6B18-4C48-9772-5ED3FDB03A2E}.AppStore|x86.ActiveCfg = Release|x86
		{666A0F51-6B18-4C48-9772-5ED3FDB03A2E}.AppStore|x86.Build.0 = Release|x86
		{666A0F51-6B18-4C48-9772-5ED3FDB03A2E}.AppStore|x86.Deploy.0 = Release|x86
		{666A0F51-6B18-4C48-9772-5ED3FDB03A2E}.Debug|Any CPU.ActiveCfg = Debug|x86
		{666A0F51-6B18-4C48-9772-5ED3FDB03A2E}.Debug|Any CPU.Build.0 = Debug|x86
		{666A0F51-6B18-4C48-9772-5ED3FDB03A2E}.Debug|Any CPU.Deploy.0 = Debug|x86
		{666A0F51-6B18-4C48-9772-5ED3FDB03A2E}.Debug|ARM.ActiveCfg = Debug|ARM
		{666A0F51-6B18-4C48-9772-5ED3FDB03A2E}.Debug|ARM.Build.0 = Debug|ARM
		{666A0F51-6B18-4C48-9772-5ED3FDB03A2E}.Debug|ARM.Deploy.0 = Debug|ARM
		{666A0F51-6B18-4C48-9772-5ED3FDB03A2E}.Debug|iPhone.ActiveCfg = Debug|x86
		{666A0F51-6B18-4C48-9772-5ED3FDB03A2E}.Debug|iPhoneSimulator.ActiveCfg = Debug|x86
		{666A0F51-6B18-4C48-9772-5ED3FDB03A2E}.Debug|x64.ActiveCfg = Debug|x64
		{666A0F51-6B18-4C48-9772-5ED3FDB03A2E}.Debug|x64.Build.0 = Debug|x64
		{666A0F51-6B18-4C48-9772-5ED3FDB03A2E}.Debug|x64.Deploy.0 = Debug|x64
		{666A0F51-6B18-4C48-9772-5ED3FDB03A2E}.Debug|x86.ActiveCfg = Debug|x86
		{666A0F51-6B18-4C48-9772-5ED3FDB03A2E}.Debug|x86.Build.0 = Debug|x86
		{666A0F51-6B18-4C48-9772-5ED3FDB03A2E}.Debug|x86.Deploy.0 = Debug|x86
		{666A0F51-6B18-4C48-9772-5ED3FDB03A2E}.Release|Any CPU.ActiveCfg = Release|x86
		{666A0F51-6B18-4C48-9772-5ED3FDB03A2E}.Release|ARM.ActiveCfg = Release|ARM
		{666A0F51-6B18-4C48-9772-5ED3FDB03A2E}.Release|ARM.Build.0 = Release|ARM
		{666A0F51-6B18-4C48-9772-5ED3FDB03A2E}.Release|ARM.Deploy.0 = Release|ARM
		{666A0F51-6B18-4C48-9772-5ED3FDB03A2E}.Release|iPhone.ActiveCfg = Release|x86
		{666A0F51-6B18-4C48-9772-5ED3FDB03A2E}.Release|iPhoneSimulator.ActiveCfg = Release|x86
		{666A0F51-6B18-4C48-9772-5ED3FDB03A2E}.Release|x64.ActiveCfg = Release|x64
		{666A0F51-6B18-4C48-9772-5ED3FDB03A2E}.Release|x64.Build.0 = Release|x64
		{666A0F51-6B18-4C48-9772-5ED3FDB03A2E}.Release|x64.Deploy.0 = Release|x64
		{666A0F51-6B18-4C48-9772-5ED3FDB03A2E}.Release|x86.ActiveCfg = Release|x86
		{666A0F51-6B18-4C48-9772-5ED3FDB03A2E}.Release|x86.Build.0 = Release|x86
		{666A0F51-6B18-4C48-9772-5ED3FDB03A2E}.Release|x86.Deploy.0 = Release|x86
		{72DC4185-7E4D-44CF-8A6F-432685C9B64B}.Ad-Hoc|Any CPU.ActiveCfg = Release|Any CPU
		{72DC4185-7E4D-44CF-8A6F-432685C9B64B}.Ad-Hoc|Any CPU.Build.0 = Release|Any CPU
		{72DC4185-7E4D-44CF-8A6F-432685C9B64B}.Ad-Hoc|Any CPU.Deploy.0 = Release|Any CPU
		{72DC4185-7E4D-44CF-8A6F-432685C9B64B}.Ad-Hoc|ARM.ActiveCfg = Release|Any CPU
		{72DC4185-7E4D-44CF-8A6F-432685C9B64B}.Ad-Hoc|ARM.Build.0 = Release|Any CPU
		{72DC4185-7E4D-44CF-8A6F-432685C9B64B}.Ad-Hoc|ARM.Deploy.0 = Release|Any CPU
		{72DC4185-7E4D-44CF-8A6F-432685C9B64B}.Ad-Hoc|iPhone.ActiveCfg = Release|Any CPU
		{72DC4185-7E4D-44CF-8A6F-432685C9B64B}.Ad-Hoc|iPhone.Build.0 = Release|Any CPU
		{72DC4185-7E4D-44CF-8A6F-432685C9B64B}.Ad-Hoc|iPhone.Deploy.0 = Release|Any CPU
		{72DC4185-7E4D-44CF-8A6F-432685C9B64B}.Ad-Hoc|iPhoneSimulator.ActiveCfg = Release|Any CPU
		{72DC4185-7E4D-44CF-8A6F-432685C9B64B}.Ad-Hoc|iPhoneSimulator.Build.0 = Release|Any CPU
		{72DC4185-7E4D-44CF-8A6F-432685C9B64B}.Ad-Hoc|iPhoneSimulator.Deploy.0 = Release|Any CPU
		{72DC4185-7E4D-44CF-8A6F-432685C9B64B}.Ad-Hoc|x64.ActiveCfg = Release|Any CPU
		{72DC4185-7E4D-44CF-8A6F-432685C9B64B}.Ad-Hoc|x64.Build.0 = Release|Any CPU
		{72DC4185-7E4D-44CF-8A6F-432685C9B64B}.Ad-Hoc|x64.Deploy.0 = Release|Any CPU
		{72DC4185-7E4D-44CF-8A6F-432685C9B64B}.Ad-Hoc|x86.ActiveCfg = Release|Any CPU
		{72DC4185-7E4D-44CF-8A6F-432685C9B64B}.Ad-Hoc|x86.Build.0 = Release|Any CPU
		{72DC4185-7E4D-44CF-8A6F-432685C9B64B}.Ad-Hoc|x86.Deploy.0 = Release|Any CPU
		{72DC4185-7E4D-44CF-8A6F-432685C9B64B}.AppStore|Any CPU.ActiveCfg = Release|Any CPU
		{72DC4185-7E4D-44CF-8A6F-432685C9B64B}.AppStore|Any CPU.Build.0 = Release|Any CPU
		{72DC4185-7E4D-44CF-8A6F-432685C9B64B}.AppStore|Any CPU.Deploy.0 = Release|Any CPU
		{72DC4185-7E4D-44CF-8A6F-432685C9B64B}.AppStore|ARM.ActiveCfg = Release|Any CPU
		{72DC4185-7E4D-44CF-8A6F-432685C9B64B}.AppStore|ARM.Build.0 = Release|Any CPU
		{72DC4185-7E4D-44CF-8A6F-432685C9B64B}.AppStore|ARM.Deploy.0 = Release|Any CPU
		{72DC4185-7E4D-44CF-8A6F-432685C9B64B}.AppStore|iPhone.ActiveCfg = Release|Any CPU
		{72DC4185-7E4D-44CF-8A6F-432685C9B64B}.AppStore|iPhone.Build.0 = Release|Any CPU
		{72DC4185-7E4D-44CF-8A6F-432685C9B64B}.AppStore|iPhone.Deploy.0 = Release|Any CPU
		{72DC4185-7E4D-44CF-8A6F-432685C9B64B}.AppStore|iPhoneSimulator.ActiveCfg = Release|Any CPU
		{72DC4185-7E4D-44CF-8A6F-432685C9B64B}.AppStore|iPhoneSimulator.Build.0 = Release|Any CPU
		{72DC4185-7E4D-44CF-8A6F-432685C9B64B}.AppStore|iPhoneSimulator.Deploy.0 = Release|Any CPU
		{72DC4185-7E4D-44CF-8A6F-432685C9B64B}.AppStore|x64.ActiveCfg = Release|Any CPU
		{72DC4185-7E4D-44CF-8A6F-432685C9B64B}.AppStore|x64.Build.0 = Release|Any CPU
		{72DC4185-7E4D-44CF-8A6F-432685C9B64B}.AppStore|x64.Deploy.0 = Release|Any CPU
		{72DC4185-7E4D-44CF-8A6F-432685C9B64B}.AppStore|x86.ActiveCfg = Release|Any CPU
		{72DC4185-7E4D-44CF-8A6F-432685C9B64B}.AppStore|x86.Build.0 = Release|Any CPU
		{72DC4185-7E4D-44CF-8A6F-432685C9B64B}.AppStore|x86.Deploy.0 = Release|Any CPU
		{72DC4185-7E4D-44CF-8A6F-432685C9B64B}.Debug|Any CPU.ActiveCfg = Debug|Any CPU
		{72DC4185-7E4D-44CF-8A6F-432685C9B64B}.Debug|Any CPU.Build.0 = Debug|Any CPU
		{72DC4185-7E4D-44CF-8A6F-432685C9B64B}.Debug|Any CPU.Deploy.0 = Debug|Any CPU
		{72DC4185-7E4D-44CF-8A6F-432685C9B64B}.Debug|ARM.ActiveCfg = Debug|Any CPU
		{72DC4185-7E4D-44CF-8A6F-432685C9B64B}.Debug|ARM.Build.0 = Debug|Any CPU
		{72DC4185-7E4D-44CF-8A6F-432685C9B64B}.Debug|ARM.Deploy.0 = Debug|Any CPU
		{72DC4185-7E4D-44CF-8A6F-432685C9B64B}.Debug|iPhone.ActiveCfg = Debug|Any CPU
		{72DC4185-7E4D-44CF-8A6F-432685C9B64B}.Debug|iPhone.Build.0 = Debug|Any CPU
		{72DC4185-7E4D-44CF-8A6F-432685C9B64B}.Debug|iPhone.Deploy.0 = Debug|Any CPU
		{72DC4185-7E4D-44CF-8A6F-432685C9B64B}.Debug|iPhoneSimulator.ActiveCfg = Debug|Any CPU
		{72DC4185-7E4D-44CF-8A6F-432685C9B64B}.Debug|iPhoneSimulator.Build.0 = Debug|Any CPU
		{72DC4185-7E4D-44CF-8A6F-432685C9B64B}.Debug|iPhoneSimulator.Deploy.0 = Debug|Any CPU
		{72DC4185-7E4D-44CF-8A6F-432685C9B64B}.Debug|x64.ActiveCfg = Debug|Any CPU
		{72DC4185-7E4D-44CF-8A6F-432685C9B64B}.Debug|x64.Build.0 = Debug|Any CPU
		{72DC4185-7E4D-44CF-8A6F-432685C9B64B}.Debug|x64.Deploy.0 = Debug|Any CPU
		{72DC4185-7E4D-44CF-8A6F-432685C9B64B}.Debug|x86.ActiveCfg = Debug|Any CPU
		{72DC4185-7E4D-44CF-8A6F-432685C9B64B}.Debug|x86.Build.0 = Debug|Any CPU
		{72DC4185-7E4D-44CF-8A6F-432685C9B64B}.Debug|x86.Deploy.0 = Debug|Any CPU
		{72DC4185-7E4D-44CF-8A6F-432685C9B64B}.Release|Any CPU.ActiveCfg = Release|Any CPU
		{72DC4185-7E4D-44CF-8A6F-432685C9B64B}.Release|Any CPU.Build.0 = Release|Any CPU
		{72DC4185-7E4D-44CF-8A6F-432685C9B64B}.Release|Any CPU.Deploy.0 = Release|Any CPU
		{72DC4185-7E4D-44CF-8A6F-432685C9B64B}.Release|ARM.ActiveCfg = Release|Any CPU
		{72DC4185-7E4D-44CF-8A6F-432685C9B64B}.Release|ARM.Build.0 = Release|Any CPU
		{72DC4185-7E4D-44CF-8A6F-432685C9B64B}.Release|ARM.Deploy.0 = Release|Any CPU
		{72DC4185-7E4D-44CF-8A6F-432685C9B64B}.Release|iPhone.ActiveCfg = Release|Any CPU
		{72DC4185-7E4D-44CF-8A6F-432685C9B64B}.Release|iPhone.Build.0 = Release|Any CPU
		{72DC4185-7E4D-44CF-8A6F-432685C9B64B}.Release|iPhone.Deploy.0 = Release|Any CPU
		{72DC4185-7E4D-44CF-8A6F-432685C9B64B}.Release|iPhoneSimulator.ActiveCfg = Release|Any CPU
		{72DC4185-7E4D-44CF-8A6F-432685C9B64B}.Release|iPhoneSimulator.Build.0 = Release|Any CPU
		{72DC4185-7E4D-44CF-8A6F-432685C9B64B}.Release|iPhoneSimulator.Deploy.0 = Release|Any CPU
		{72DC4185-7E4D-44CF-8A6F-432685C9B64B}.Release|x64.ActiveCfg = Release|Any CPU
		{72DC4185-7E4D-44CF-8A6F-432685C9B64B}.Release|x64.Build.0 = Release|Any CPU
		{72DC4185-7E4D-44CF-8A6F-432685C9B64B}.Release|x64.Deploy.0 = Release|Any CPU
		{72DC4185-7E4D-44CF-8A6F-432685C9B64B}.Release|x86.ActiveCfg = Release|Any CPU
		{72DC4185-7E4D-44CF-8A6F-432685C9B64B}.Release|x86.Build.0 = Release|Any CPU
		{72DC4185-7E4D-44CF-8A6F-432685C9B64B}.Release|x86.Deploy.0 = Release|Any CPU
		{9A9234BF-1C54-4BE6-A403-D65258D60527}.Ad-Hoc|Any CPU.ActiveCfg = Ad-Hoc|iPhone
		{9A9234BF-1C54-4BE6-A403-D65258D60527}.Ad-Hoc|ARM.ActiveCfg = Ad-Hoc|iPhone
		{9A9234BF-1C54-4BE6-A403-D65258D60527}.Ad-Hoc|iPhone.ActiveCfg = Ad-Hoc|iPhone
		{9A9234BF-1C54-4BE6-A403-D65258D60527}.Ad-Hoc|iPhone.Build.0 = Ad-Hoc|iPhone
		{9A9234BF-1C54-4BE6-A403-D65258D60527}.Ad-Hoc|iPhoneSimulator.ActiveCfg = Ad-Hoc|iPhoneSimulator
		{9A9234BF-1C54-4BE6-A403-D65258D60527}.Ad-Hoc|iPhoneSimulator.Build.0 = Ad-Hoc|iPhoneSimulator
		{9A9234BF-1C54-4BE6-A403-D65258D60527}.Ad-Hoc|x64.ActiveCfg = Ad-Hoc|iPhone
		{9A9234BF-1C54-4BE6-A403-D65258D60527}.Ad-Hoc|x86.ActiveCfg = Ad-Hoc|iPhone
		{9A9234BF-1C54-4BE6-A403-D65258D60527}.AppStore|Any CPU.ActiveCfg = AppStore|iPhone
		{9A9234BF-1C54-4BE6-A403-D65258D60527}.AppStore|ARM.ActiveCfg = AppStore|iPhone
		{9A9234BF-1C54-4BE6-A403-D65258D60527}.AppStore|iPhone.ActiveCfg = AppStore|iPhone
		{9A9234BF-1C54-4BE6-A403-D65258D60527}.AppStore|iPhone.Build.0 = AppStore|iPhone
		{9A9234BF-1C54-4BE6-A403-D65258D60527}.AppStore|iPhoneSimulator.ActiveCfg = AppStore|iPhoneSimulator
		{9A9234BF-1C54-4BE6-A403-D65258D60527}.AppStore|iPhoneSimulator.Build.0 = AppStore|iPhoneSimulator
		{9A9234BF-1C54-4BE6-A403-D65258D60527}.AppStore|x64.ActiveCfg = AppStore|iPhone
		{9A9234BF-1C54-4BE6-A403-D65258D60527}.AppStore|x86.ActiveCfg = AppStore|iPhone
		{9A9234BF-1C54-4BE6-A403-D65258D60527}.Debug|Any CPU.ActiveCfg = Debug|iPhone
		{9A9234BF-1C54-4BE6-A403-D65258D60527}.Debug|ARM.ActiveCfg = Debug|iPhone
		{9A9234BF-1C54-4BE6-A403-D65258D60527}.Debug|iPhone.ActiveCfg = Debug|iPhone
		{9A9234BF-1C54-4BE6-A403-D65258D60527}.Debug|iPhone.Build.0 = Debug|iPhone
		{9A9234BF-1C54-4BE6-A403-D65258D60527}.Debug|iPhoneSimulator.ActiveCfg = Debug|iPhoneSimulator
		{9A9234BF-1C54-4BE6-A403-D65258D60527}.Debug|iPhoneSimulator.Build.0 = Debug|iPhoneSimulator
		{9A9234BF-1C54-4BE6-A403-D65258D60527}.Debug|x64.ActiveCfg = Debug|iPhone
		{9A9234BF-1C54-4BE6-A403-D65258D60527}.Debug|x86.ActiveCfg = Debug|iPhone
		{9A9234BF-1C54-4BE6-A403-D65258D60527}.Release|Any CPU.ActiveCfg = Release|iPhone
		{9A9234BF-1C54-4BE6-A403-D65258D60527}.Release|ARM.ActiveCfg = Release|iPhone
		{9A9234BF-1C54-4BE6-A403-D65258D60527}.Release|iPhone.ActiveCfg = Release|iPhone
		{9A9234BF-1C54-4BE6-A403-D65258D60527}.Release|iPhone.Build.0 = Release|iPhone
		{9A9234BF-1C54-4BE6-A403-D65258D60527}.Release|iPhoneSimulator.ActiveCfg = Release|iPhoneSimulator
		{9A9234BF-1C54-4BE6-A403-D65258D60527}.Release|iPhoneSimulator.Build.0 = Release|iPhoneSimulator
		{9A9234BF-1C54-4BE6-A403-D65258D60527}.Release|x64.ActiveCfg = Release|iPhone
		{9A9234BF-1C54-4BE6-A403-D65258D60527}.Release|x86.ActiveCfg = Release|iPhone
		{B11CC4A9-5350-4A80-9A42-A8AC5131DFA9}.Ad-Hoc|Any CPU.ActiveCfg = Release|x64
		{B11CC4A9-5350-4A80-9A42-A8AC5131DFA9}.Ad-Hoc|Any CPU.Build.0 = Release|x64
		{B11CC4A9-5350-4A80-9A42-A8AC5131DFA9}.Ad-Hoc|Any CPU.Deploy.0 = Release|x64
		{B11CC4A9-5350-4A80-9A42-A8AC5131DFA9}.Ad-Hoc|ARM.ActiveCfg = Release|ARM
		{B11CC4A9-5350-4A80-9A42-A8AC5131DFA9}.Ad-Hoc|ARM.Build.0 = Release|ARM
		{B11CC4A9-5350-4A80-9A42-A8AC5131DFA9}.Ad-Hoc|ARM.Deploy.0 = Release|ARM
		{B11CC4A9-5350-4A80-9A42-A8AC5131DFA9}.Ad-Hoc|iPhone.ActiveCfg = Release|x64
		{B11CC4A9-5350-4A80-9A42-A8AC5131DFA9}.Ad-Hoc|iPhone.Build.0 = Release|x64
		{B11CC4A9-5350-4A80-9A42-A8AC5131DFA9}.Ad-Hoc|iPhone.Deploy.0 = Release|x64
		{B11CC4A9-5350-4A80-9A42-A8AC5131DFA9}.Ad-Hoc|iPhoneSimulator.ActiveCfg = Release|x64
		{B11CC4A9-5350-4A80-9A42-A8AC5131DFA9}.Ad-Hoc|iPhoneSimulator.Build.0 = Release|x64
		{B11CC4A9-5350-4A80-9A42-A8AC5131DFA9}.Ad-Hoc|iPhoneSimulator.Deploy.0 = Release|x64
		{B11CC4A9-5350-4A80-9A42-A8AC5131DFA9}.Ad-Hoc|x64.ActiveCfg = Release|x64
		{B11CC4A9-5350-4A80-9A42-A8AC5131DFA9}.Ad-Hoc|x64.Build.0 = Release|x64
		{B11CC4A9-5350-4A80-9A42-A8AC5131DFA9}.Ad-Hoc|x64.Deploy.0 = Release|x64
		{B11CC4A9-5350-4A80-9A42-A8AC5131DFA9}.Ad-Hoc|x86.ActiveCfg = Release|x86
		{B11CC4A9-5350-4A80-9A42-A8AC5131DFA9}.Ad-Hoc|x86.Build.0 = Release|x86
		{B11CC4A9-5350-4A80-9A42-A8AC5131DFA9}.Ad-Hoc|x86.Deploy.0 = Release|x86
		{B11CC4A9-5350-4A80-9A42-A8AC5131DFA9}.AppStore|Any CPU.ActiveCfg = Release|x64
		{B11CC4A9-5350-4A80-9A42-A8AC5131DFA9}.AppStore|Any CPU.Build.0 = Release|x64
		{B11CC4A9-5350-4A80-9A42-A8AC5131DFA9}.AppStore|Any CPU.Deploy.0 = Release|x64
		{B11CC4A9-5350-4A80-9A42-A8AC5131DFA9}.AppStore|ARM.ActiveCfg = Release|ARM
		{B11CC4A9-5350-4A80-9A42-A8AC5131DFA9}.AppStore|ARM.Build.0 = Release|ARM
		{B11CC4A9-5350-4A80-9A42-A8AC5131DFA9}.AppStore|ARM.Deploy.0 = Release|ARM
		{B11CC4A9-5350-4A80-9A42-A8AC5131DFA9}.AppStore|iPhone.ActiveCfg = Release|x64
		{B11CC4A9-5350-4A80-9A42-A8AC5131DFA9}.AppStore|iPhone.Build.0 = Release|x64
		{B11CC4A9-5350-4A80-9A42-A8AC5131DFA9}.AppStore|iPhone.Deploy.0 = Release|x64
		{B11CC4A9-5350-4A80-9A42-A8AC5131DFA9}.AppStore|iPhoneSimulator.ActiveCfg = Release|x64
		{B11CC4A9-5350-4A80-9A42-A8AC5131DFA9}.AppStore|iPhoneSimulator.Build.0 = Release|x64
		{B11CC4A9-5350-4A80-9A42-A8AC5131DFA9}.AppStore|iPhoneSimulator.Deploy.0 = Release|x64
		{B11CC4A9-5350-4A80-9A42-A8AC5131DFA9}.AppStore|x64.ActiveCfg = Release|x64
		{B11CC4A9-5350-4A80-9A42-A8AC5131DFA9}.AppStore|x64.Build.0 = Release|x64
		{B11CC4A9-5350-4A80-9A42-A8AC5131DFA9}.AppStore|x64.Deploy.0 = Release|x64
		{B11CC4A9-5350-4A80-9A42-A8AC5131DFA9}.AppStore|x86.ActiveCfg = Release|x86
		{B11CC4A9-5350-4A80-9A42-A8AC5131DFA9}.AppStore|x86.Build.0 = Release|x86
		{B11CC4A9-5350-4A80-9A42-A8AC5131DFA9}.AppStore|x86.Deploy.0 = Release|x86
		{B11CC4A9-5350-4A80-9A42-A8AC5131DFA9}.Debug|Any CPU.ActiveCfg = Debug|x86
		{B11CC4A9-5350-4A80-9A42-A8AC5131DFA9}.Debug|ARM.ActiveCfg = Debug|ARM
		{B11CC4A9-5350-4A80-9A42-A8AC5131DFA9}.Debug|ARM.Build.0 = Debug|ARM
		{B11CC4A9-5350-4A80-9A42-A8AC5131DFA9}.Debug|ARM.Deploy.0 = Debug|ARM
		{B11CC4A9-5350-4A80-9A42-A8AC5131DFA9}.Debug|iPhone.ActiveCfg = Debug|x86
		{B11CC4A9-5350-4A80-9A42-A8AC5131DFA9}.Debug|iPhoneSimulator.ActiveCfg = Debug|x86
		{B11CC4A9-5350-4A80-9A42-A8AC5131DFA9}.Debug|x64.ActiveCfg = Debug|x64
		{B11CC4A9-5350-4A80-9A42-A8AC5131DFA9}.Debug|x64.Build.0 = Debug|x64
		{B11CC4A9-5350-4A80-9A42-A8AC5131DFA9}.Debug|x64.Deploy.0 = Debug|x64
		{B11CC4A9-5350-4A80-9A42-A8AC5131DFA9}.Debug|x86.ActiveCfg = Debug|x86
		{B11CC4A9-5350-4A80-9A42-A8AC5131DFA9}.Debug|x86.Build.0 = Debug|x86
		{B11CC4A9-5350-4A80-9A42-A8AC5131DFA9}.Debug|x86.Deploy.0 = Debug|x86
		{B11CC4A9-5350-4A80-9A42-A8AC5131DFA9}.Release|Any CPU.ActiveCfg = Release|x86
		{B11CC4A9-5350-4A80-9A42-A8AC5131DFA9}.Release|ARM.ActiveCfg = Release|ARM
		{B11CC4A9-5350-4A80-9A42-A8AC5131DFA9}.Release|ARM.Build.0 = Release|ARM
		{B11CC4A9-5350-4A80-9A42-A8AC5131DFA9}.Release|ARM.Deploy.0 = Release|ARM
		{B11CC4A9-5350-4A80-9A42-A8AC5131DFA9}.Release|iPhone.ActiveCfg = Release|x86
		{B11CC4A9-5350-4A80-9A42-A8AC5131DFA9}.Release|iPhoneSimulator.ActiveCfg = Release|x86
		{B11CC4A9-5350-4A80-9A42-A8AC5131DFA9}.Release|x64.ActiveCfg = Release|x64
		{B11CC4A9-5350-4A80-9A42-A8AC5131DFA9}.Release|x64.Build.0 = Release|x64
		{B11CC4A9-5350-4A80-9A42-A8AC5131DFA9}.Release|x64.Deploy.0 = Release|x64
		{B11CC4A9-5350-4A80-9A42-A8AC5131DFA9}.Release|x86.ActiveCfg = Release|x86
		{B11CC4A9-5350-4A80-9A42-A8AC5131DFA9}.Release|x86.Build.0 = Release|x86
		{B11CC4A9-5350-4A80-9A42-A8AC5131DFA9}.Release|x86.Deploy.0 = Release|x86
		{84988DB4-DD48-4B16-8B86-7283B0B6E5BF}.Ad-Hoc|Any CPU.ActiveCfg = Debug|Any CPU
		{84988DB4-DD48-4B16-8B86-7283B0B6E5BF}.Ad-Hoc|Any CPU.Build.0 = Debug|Any CPU
		{84988DB4-DD48-4B16-8B86-7283B0B6E5BF}.Ad-Hoc|ARM.ActiveCfg = Debug|Any CPU
		{84988DB4-DD48-4B16-8B86-7283B0B6E5BF}.Ad-Hoc|ARM.Build.0 = Debug|Any CPU
		{84988DB4-DD48-4B16-8B86-7283B0B6E5BF}.Ad-Hoc|iPhone.ActiveCfg = Debug|Any CPU
		{84988DB4-DD48-4B16-8B86-7283B0B6E5BF}.Ad-Hoc|iPhone.Build.0 = Debug|Any CPU
		{84988DB4-DD48-4B16-8B86-7283B0B6E5BF}.Ad-Hoc|iPhoneSimulator.ActiveCfg = Debug|Any CPU
		{84988DB4-DD48-4B16-8B86-7283B0B6E5BF}.Ad-Hoc|iPhoneSimulator.Build.0 = Debug|Any CPU
		{84988DB4-DD48-4B16-8B86-7283B0B6E5BF}.Ad-Hoc|x64.ActiveCfg = Debug|Any CPU
		{84988DB4-DD48-4B16-8B86-7283B0B6E5BF}.Ad-Hoc|x64.Build.0 = Debug|Any CPU
		{84988DB4-DD48-4B16-8B86-7283B0B6E5BF}.Ad-Hoc|x86.ActiveCfg = Debug|Any CPU
		{84988DB4-DD48-4B16-8B86-7283B0B6E5BF}.Ad-Hoc|x86.Build.0 = Debug|Any CPU
		{84988DB4-DD48-4B16-8B86-7283B0B6E5BF}.AppStore|Any CPU.ActiveCfg = Debug|Any CPU
		{84988DB4-DD48-4B16-8B86-7283B0B6E5BF}.AppStore|Any CPU.Build.0 = Debug|Any CPU
		{84988DB4-DD48-4B16-8B86-7283B0B6E5BF}.AppStore|ARM.ActiveCfg = Debug|Any CPU
		{84988DB4-DD48-4B16-8B86-7283B0B6E5BF}.AppStore|ARM.Build.0 = Debug|Any CPU
		{84988DB4-DD48-4B16-8B86-7283B0B6E5BF}.AppStore|iPhone.ActiveCfg = Debug|Any CPU
		{84988DB4-DD48-4B16-8B86-7283B0B6E5BF}.AppStore|iPhone.Build.0 = Debug|Any CPU
		{84988DB4-DD48-4B16-8B86-7283B0B6E5BF}.AppStore|iPhoneSimulator.ActiveCfg = Debug|Any CPU
		{84988DB4-DD48-4B16-8B86-7283B0B6E5BF}.AppStore|iPhoneSimulator.Build.0 = Debug|Any CPU
		{84988DB4-DD48-4B16-8B86-7283B0B6E5BF}.AppStore|x64.ActiveCfg = Debug|Any CPU
		{84988DB4-DD48-4B16-8B86-7283B0B6E5BF}.AppStore|x64.Build.0 = Debug|Any CPU
		{84988DB4-DD48-4B16-8B86-7283B0B6E5BF}.AppStore|x86.ActiveCfg = Debug|Any CPU
		{84988DB4-DD48-4B16-8B86-7283B0B6E5BF}.AppStore|x86.Build.0 = Debug|Any CPU
		{84988DB4-DD48-4B16-8B86-7283B0B6E5BF}.Debug|Any CPU.ActiveCfg = Debug|Any CPU
		{84988DB4-DD48-4B16-8B86-7283B0B6E5BF}.Debug|Any CPU.Build.0 = Debug|Any CPU
		{84988DB4-DD48-4B16-8B86-7283B0B6E5BF}.Debug|ARM.ActiveCfg = Debug|Any CPU
		{84988DB4-DD48-4B16-8B86-7283B0B6E5BF}.Debug|ARM.Build.0 = Debug|Any CPU
		{84988DB4-DD48-4B16-8B86-7283B0B6E5BF}.Debug|iPhone.ActiveCfg = Debug|Any CPU
		{84988DB4-DD48-4B16-8B86-7283B0B6E5BF}.Debug|iPhone.Build.0 = Debug|Any CPU
		{84988DB4-DD48-4B16-8B86-7283B0B6E5BF}.Debug|iPhoneSimulator.ActiveCfg = Debug|Any CPU
		{84988DB4-DD48-4B16-8B86-7283B0B6E5BF}.Debug|iPhoneSimulator.Build.0 = Debug|Any CPU
		{84988DB4-DD48-4B16-8B86-7283B0B6E5BF}.Debug|x64.ActiveCfg = Debug|Any CPU
		{84988DB4-DD48-4B16-8B86-7283B0B6E5BF}.Debug|x64.Build.0 = Debug|Any CPU
		{84988DB4-DD48-4B16-8B86-7283B0B6E5BF}.Debug|x86.ActiveCfg = Debug|Any CPU
		{84988DB4-DD48-4B16-8B86-7283B0B6E5BF}.Debug|x86.Build.0 = Debug|Any CPU
		{84988DB4-DD48-4B16-8B86-7283B0B6E5BF}.Release|Any CPU.ActiveCfg = Release|Any CPU
		{84988DB4-DD48-4B16-8B86-7283B0B6E5BF}.Release|Any CPU.Build.0 = Release|Any CPU
		{84988DB4-DD48-4B16-8B86-7283B0B6E5BF}.Release|ARM.ActiveCfg = Release|Any CPU
		{84988DB4-DD48-4B16-8B86-7283B0B6E5BF}.Release|ARM.Build.0 = Release|Any CPU
		{84988DB4-DD48-4B16-8B86-7283B0B6E5BF}.Release|iPhone.ActiveCfg = Release|Any CPU
		{84988DB4-DD48-4B16-8B86-7283B0B6E5BF}.Release|iPhone.Build.0 = Release|Any CPU
		{84988DB4-DD48-4B16-8B86-7283B0B6E5BF}.Release|iPhoneSimulator.ActiveCfg = Release|Any CPU
		{84988DB4-DD48-4B16-8B86-7283B0B6E5BF}.Release|iPhoneSimulator.Build.0 = Release|Any CPU
		{84988DB4-DD48-4B16-8B86-7283B0B6E5BF}.Release|x64.ActiveCfg = Release|Any CPU
		{84988DB4-DD48-4B16-8B86-7283B0B6E5BF}.Release|x64.Build.0 = Release|Any CPU
		{84988DB4-DD48-4B16-8B86-7283B0B6E5BF}.Release|x86.ActiveCfg = Release|Any CPU
		{84988DB4-DD48-4B16-8B86-7283B0B6E5BF}.Release|x86.Build.0 = Release|Any CPU
	EndGlobalSection
	GlobalSection(SolutionProperties) = preSolution
		HideSolutionNode = FALSE
	EndGlobalSection
	GlobalSection(NestedProjects) = preSolution
		{6279C845-92F8-4333-AB99-3D213163593C} = {56DC3FAE-7CC8-41E4-B995-77917E6B83B1}
		{72DC4185-7E4D-44CF-8A6F-432685C9B64B} = {56DC3FAE-7CC8-41E4-B995-77917E6B83B1}
		{9A9234BF-1C54-4BE6-A403-D65258D60527} = {56DC3FAE-7CC8-41E4-B995-77917E6B83B1}
		{B11CC4A9-5350-4A80-9A42-A8AC5131DFA9} = {56DC3FAE-7CC8-41E4-B995-77917E6B83B1}
		{84988DB4-DD48-4B16-8B86-7283B0B6E5BF} = {56DC3FAE-7CC8-41E4-B995-77917E6B83B1}
	EndGlobalSection
	GlobalSection(ExtensibilityGlobals) = postSolution
		SolutionGuid = {714079FF-FC6A-47E3-A3AB-2A5879CFC29F}
	EndGlobalSection
EndGlobal
